
Microsoft Visual Studio Solution File, Format Version 12.00
# Visual Studio 15
VisualStudioVersion = 15.0.28307.572
MinimumVisualStudioVersion = 10.0.40219.1
Project("{FAE04EC0-301F-11D3-BF4B-00C04F79EFBC}") = "BenchmarkMiddleWare", "BenchmarkMiddleWare\BenchmarkMiddleWare.csproj", "{8A33ADB3-AE09-47FF-A120-5F09B5795A4E}"
EndProject
Project("{FAE04EC0-301F-11D3-BF4B-00C04F79EFBC}") = "BenchmarkMiddleWare.Tests", "..\BenchmarkMiddleWare.Tests\BenchmarkMiddleWare.Tests.csproj", "{147D1CDC-F4C3-4CFB-A678-E866DAA2F8F3}"
EndProject
Global
	GlobalSection(SolutionConfigurationPlatforms) = preSolution
		Debug|Any CPU = Debug|Any CPU
		Release|Any CPU = Release|Any CPU
	EndGlobalSection
	GlobalSection(ProjectConfigurationPlatforms) = postSolution
		{8A33ADB3-AE09-47FF-A120-5F09B5795A4E}.Debug|Any CPU.ActiveCfg = Debug|Any CPU
		{8A33ADB3-AE09-47FF-A120-5F09B5795A4E}.Debug|Any CPU.Build.0 = Debug|Any CPU
		{8A33ADB3-AE09-47FF-A120-5F09B5795A4E}.Release|Any CPU.ActiveCfg = Release|Any CPU
		{8A33ADB3-AE09-47FF-A120-5F09B5795A4E}.Release|Any CPU.Build.0 = Release|Any CPU
		{147D1CDC-F4C3-4CFB-A678-E866DAA2F8F3}.Debug|Any CPU.ActiveCfg = Debug|Any CPU
		{147D1CDC-F4C3-4CFB-A678-E866DAA2F8F3}.Debug|Any CPU.Build.0 = Debug|Any CPU
		{147D1CDC-F4C3-4CFB-A678-E866DAA2F8F3}.Release|Any CPU.ActiveCfg = Release|Any CPU
		{147D1CDC-F4C3-4CFB-A678-E866DAA2F8F3}.Release|Any CPU.Build.0 = Release|Any CPU
	EndGlobalSection
	GlobalSection(SolutionProperties) = preSolution
		HideSolutionNode = FALSE
	EndGlobalSection
	GlobalSection(ExtensibilityGlobals) = postSolution
		SolutionGuid = {D6CCF5DC-172E-42F0-A105-A3EB72DCC7C6}
	EndGlobalSection
EndGlobal
